
Microsoft Visual Studio Solution File, Format Version 12.00
# Visual Studio Version 16
VisualStudioVersion = 16.0.30114.105
MinimumVisualStudioVersion = 10.0.40219.1
Project("{2150E333-8FDC-42A3-9474-1A3956D46DE8}") = "Frontend", "Frontend", "{C1A70540-C1D0-472B-BDAF-3EFF51FDF3FF}"
EndProject
Project("{9A19103F-16F7-4668-BE54-9A1E7A4F7556}") = "Trsys.Frontend.Web", "src\Trsys.Frontend.Web\Trsys.Frontend.Web.csproj", "{42536116-C11E-434E-A9BE-BC67F6429B9F}"
EndProject
Project("{9A19103F-16F7-4668-BE54-9A1E7A4F7556}") = "Trsys.Frontend.Web.Tests", "tests\Trsys.Frontend.Web.Tests\Trsys.Frontend.Web.Tests.csproj", "{63BBF9A1-2A8D-4621-A361-83AD18E22EBA}"
EndProject
Project("{2150E333-8FDC-42A3-9474-1A3956D46DE8}") = "CopyTrading", "CopyTrading", "{5B000294-0DE8-43CE-84C1-9CEDFCBEC91E}"
EndProject
Project("{9A19103F-16F7-4668-BE54-9A1E7A4F7556}") = "Trsys.CopyTrading.Abstractions", "src\Trsys.CopyTrading.Abstractions\Trsys.CopyTrading.Abstractions.csproj", "{34F20085-9AEB-4606-8769-BB30BD2C41E0}"
EndProject
Project("{9A19103F-16F7-4668-BE54-9A1E7A4F7556}") = "Trsys.CopyTrading.Application", "src\Trsys.CopyTrading.Application\Trsys.CopyTrading.Application.csproj", "{BF71D0EA-1C93-4F0D-9D87-B7BB4C65C9D0}"
EndProject
Project("{9A19103F-16F7-4668-BE54-9A1E7A4F7556}") = "Trsys.CopyTrading.Infrastructure", "src\Trsys.CopyTrading.Infrastructure\Trsys.CopyTrading.Infrastructure.csproj", "{63C28BD6-4906-4CD3-BA45-15597F56BC66}"
EndProject
Project("{2150E333-8FDC-42A3-9474-1A3956D46DE8}") = "Backoffice", "Backoffice", "{43F259A4-7ACB-4833-9CCC-EF827610B218}"
EndProject
Project("{9A19103F-16F7-4668-BE54-9A1E7A4F7556}") = "Trsys.Backoffice.Abstractions", "src\Trsys.Backoffice.Abstractions\Trsys.Backoffice.Abstractions.csproj", "{80558D10-06A3-4FE6-AA7E-E2BDBAB58C73}"
EndProject
Project("{9A19103F-16F7-4668-BE54-9A1E7A4F7556}") = "Trsys.Backoffice.ReadModels", "src\Trsys.Backoffice.ReadModels\Trsys.Backoffice.ReadModels.csproj", "{77AB10F1-0616-489F-8859-217535985548}"
EndProject
Project("{9A19103F-16F7-4668-BE54-9A1E7A4F7556}") = "Trsys.Backoffice.Infrastructure", "src\Trsys.Backoffice.Infrastructure\Trsys.Backoffice.Infrastructure.csproj", "{D9E9E457-41FA-4087-A561-CBD7B5CC65C2}"
EndProject
Project("{9A19103F-16F7-4668-BE54-9A1E7A4F7556}") = "Trsys.CopyTrading", "src\Trsys.CopyTrading\Trsys.CopyTrading.csproj", "{A2E52A39-7892-460A-83C4-30E022728B6A}"
EndProject
Project("{9A19103F-16F7-4668-BE54-9A1E7A4F7556}") = "Trsys.Backoffice", "src\Trsys.Backoffice\Trsys.Backoffice.csproj", "{037A31B5-0761-47C3-BB49-C26DDC440143}"
EndProject
Project("{9A19103F-16F7-4668-BE54-9A1E7A4F7556}") = "Trsys.CopyTrading.Tests", "tests\Trsys.CopyTrading.Tests\Trsys.CopyTrading.Tests.csproj", "{65326ECB-F14F-476C-B2CE-306229178BC5}"
EndProject
Project("{9A19103F-16F7-4668-BE54-9A1E7A4F7556}") = "Trsys.Backoffice.Tests", "tests\Trsys.Backoffice.Tests\Trsys.Backoffice.Tests.csproj", "{2F13CAAF-5B99-427C-8F98-3200AB858F4A}"
EndProject
Project("{9A19103F-16F7-4668-BE54-9A1E7A4F7556}") = "Trsys.Backoffice.WriteModels", "src\Trsys.Backoffice.WriteModels\Trsys.Backoffice.WriteModels.csproj", "{7F9D7B15-4431-464A-90AC-AEFEB526AD34}"
EndProject
Project("{9A19103F-16F7-4668-BE54-9A1E7A4F7556}") = "LoadTesting", "tests\LoadTesting\LoadTesting.csproj", "{B8C372F4-79B2-4B49-92AC-475E41974AF6}"
EndProject
Project("{9A19103F-16F7-4668-BE54-9A1E7A4F7556}") = "Trsys.CopyTrading.Service", "src\Trsys.CopyTrading.Service\Trsys.CopyTrading.Service.csproj", "{04A27942-B34B-43CC-B23A-7606A6D13FE3}"
EndProject
Project("{2150E333-8FDC-42A3-9474-1A3956D46DE8}") = "Events", "Events", "{F1FBDDAC-0DEE-4175-A883-967CF627F33C}"
EndProject
Project("{9A19103F-16F7-4668-BE54-9A1E7A4F7556}") = "Trsys.Events", "src\Trsys.Events\Trsys.Events.csproj", "{A89A3BD9-B7D5-4DA6-B921-6C3C91D53CC6}"
EndProject
Project("{9A19103F-16F7-4668-BE54-9A1E7A4F7556}") = "Trsys.Events.Abstractions", "src\Trsys.Events.Abstractions\Trsys.Events.Abstractions.csproj", "{802510D5-F923-4D0A-BC01-CB7C921825AF}"
EndProject
Project("{9A19103F-16F7-4668-BE54-9A1E7A4F7556}") = "Trsys.CopyTrading.EaLogs", "src\Trsys.CopyTrading.EaLogs\Trsys.CopyTrading.EaLogs.csproj", "{95A2D531-1D1A-4510-AEA2-E00B73836538}"
EndProject
Project("{FAE04EC0-301F-11D3-BF4B-00C04F79EFBC}") = "Trsys.Events.Kafka", "src\Trsys.Events.Kafka\Trsys.Events.Kafka.csproj", "{AEF5AC29-264D-4A9C-9453-F44DDDECAF42}"
EndProject
Project("{FAE04EC0-301F-11D3-BF4B-00C04F79EFBC}") = "Trsys.Events.InMemory", "src\Trsys.Events.InMemory\Trsys.Events.InMemory.csproj", "{21228642-9229-4D00-8760-A48EF4F1DDBD}"
EndProject
Global
	GlobalSection(SolutionConfigurationPlatforms) = preSolution
		Debug|Any CPU = Debug|Any CPU
		Release|Any CPU = Release|Any CPU
	EndGlobalSection
	GlobalSection(ProjectConfigurationPlatforms) = postSolution
		{42536116-C11E-434E-A9BE-BC67F6429B9F}.Debug|Any CPU.ActiveCfg = Debug|Any CPU
		{42536116-C11E-434E-A9BE-BC67F6429B9F}.Debug|Any CPU.Build.0 = Debug|Any CPU
		{42536116-C11E-434E-A9BE-BC67F6429B9F}.Release|Any CPU.ActiveCfg = Release|Any CPU
		{42536116-C11E-434E-A9BE-BC67F6429B9F}.Release|Any CPU.Build.0 = Release|Any CPU
		{63BBF9A1-2A8D-4621-A361-83AD18E22EBA}.Debug|Any CPU.ActiveCfg = Debug|Any CPU
		{63BBF9A1-2A8D-4621-A361-83AD18E22EBA}.Debug|Any CPU.Build.0 = Debug|Any CPU
		{63BBF9A1-2A8D-4621-A361-83AD18E22EBA}.Release|Any CPU.ActiveCfg = Release|Any CPU
		{63BBF9A1-2A8D-4621-A361-83AD18E22EBA}.Release|Any CPU.Build.0 = Release|Any CPU
		{34F20085-9AEB-4606-8769-BB30BD2C41E0}.Debug|Any CPU.ActiveCfg = Debug|Any CPU
		{34F20085-9AEB-4606-8769-BB30BD2C41E0}.Debug|Any CPU.Build.0 = Debug|Any CPU
		{34F20085-9AEB-4606-8769-BB30BD2C41E0}.Release|Any CPU.ActiveCfg = Release|Any CPU
		{34F20085-9AEB-4606-8769-BB30BD2C41E0}.Release|Any CPU.Build.0 = Release|Any CPU
		{BF71D0EA-1C93-4F0D-9D87-B7BB4C65C9D0}.Debug|Any CPU.ActiveCfg = Debug|Any CPU
		{BF71D0EA-1C93-4F0D-9D87-B7BB4C65C9D0}.Debug|Any CPU.Build.0 = Debug|Any CPU
		{BF71D0EA-1C93-4F0D-9D87-B7BB4C65C9D0}.Release|Any CPU.ActiveCfg = Release|Any CPU
		{BF71D0EA-1C93-4F0D-9D87-B7BB4C65C9D0}.Release|Any CPU.Build.0 = Release|Any CPU
		{63C28BD6-4906-4CD3-BA45-15597F56BC66}.Debug|Any CPU.ActiveCfg = Debug|Any CPU
		{63C28BD6-4906-4CD3-BA45-15597F56BC66}.Debug|Any CPU.Build.0 = Debug|Any CPU
		{63C28BD6-4906-4CD3-BA45-15597F56BC66}.Release|Any CPU.ActiveCfg = Release|Any CPU
		{63C28BD6-4906-4CD3-BA45-15597F56BC66}.Release|Any CPU.Build.0 = Release|Any CPU
		{80558D10-06A3-4FE6-AA7E-E2BDBAB58C73}.Debug|Any CPU.ActiveCfg = Debug|Any CPU
		{80558D10-06A3-4FE6-AA7E-E2BDBAB58C73}.Debug|Any CPU.Build.0 = Debug|Any CPU
		{80558D10-06A3-4FE6-AA7E-E2BDBAB58C73}.Release|Any CPU.ActiveCfg = Release|Any CPU
		{80558D10-06A3-4FE6-AA7E-E2BDBAB58C73}.Release|Any CPU.Build.0 = Release|Any CPU
		{77AB10F1-0616-489F-8859-217535985548}.Debug|Any CPU.ActiveCfg = Debug|Any CPU
		{77AB10F1-0616-489F-8859-217535985548}.Debug|Any CPU.Build.0 = Debug|Any CPU
		{77AB10F1-0616-489F-8859-217535985548}.Release|Any CPU.ActiveCfg = Release|Any CPU
		{77AB10F1-0616-489F-8859-217535985548}.Release|Any CPU.Build.0 = Release|Any CPU
		{D9E9E457-41FA-4087-A561-CBD7B5CC65C2}.Debug|Any CPU.ActiveCfg = Debug|Any CPU
		{D9E9E457-41FA-4087-A561-CBD7B5CC65C2}.Debug|Any CPU.Build.0 = Debug|Any CPU
		{D9E9E457-41FA-4087-A561-CBD7B5CC65C2}.Release|Any CPU.ActiveCfg = Release|Any CPU
		{D9E9E457-41FA-4087-A561-CBD7B5CC65C2}.Release|Any CPU.Build.0 = Release|Any CPU
		{A2E52A39-7892-460A-83C4-30E022728B6A}.Debug|Any CPU.ActiveCfg = Debug|Any CPU
		{A2E52A39-7892-460A-83C4-30E022728B6A}.Debug|Any CPU.Build.0 = Debug|Any CPU
		{A2E52A39-7892-460A-83C4-30E022728B6A}.Release|Any CPU.ActiveCfg = Release|Any CPU
		{A2E52A39-7892-460A-83C4-30E022728B6A}.Release|Any CPU.Build.0 = Release|Any CPU
		{037A31B5-0761-47C3-BB49-C26DDC440143}.Debug|Any CPU.ActiveCfg = Debug|Any CPU
		{037A31B5-0761-47C3-BB49-C26DDC440143}.Debug|Any CPU.Build.0 = Debug|Any CPU
		{037A31B5-0761-47C3-BB49-C26DDC440143}.Release|Any CPU.ActiveCfg = Release|Any CPU
		{037A31B5-0761-47C3-BB49-C26DDC440143}.Release|Any CPU.Build.0 = Release|Any CPU
		{65326ECB-F14F-476C-B2CE-306229178BC5}.Debug|Any CPU.ActiveCfg = Debug|Any CPU
		{65326ECB-F14F-476C-B2CE-306229178BC5}.Debug|Any CPU.Build.0 = Debug|Any CPU
		{65326ECB-F14F-476C-B2CE-306229178BC5}.Release|Any CPU.ActiveCfg = Release|Any CPU
		{65326ECB-F14F-476C-B2CE-306229178BC5}.Release|Any CPU.Build.0 = Release|Any CPU
		{2F13CAAF-5B99-427C-8F98-3200AB858F4A}.Debug|Any CPU.ActiveCfg = Debug|Any CPU
		{2F13CAAF-5B99-427C-8F98-3200AB858F4A}.Debug|Any CPU.Build.0 = Debug|Any CPU
		{2F13CAAF-5B99-427C-8F98-3200AB858F4A}.Release|Any CPU.ActiveCfg = Release|Any CPU
		{2F13CAAF-5B99-427C-8F98-3200AB858F4A}.Release|Any CPU.Build.0 = Release|Any CPU
		{7F9D7B15-4431-464A-90AC-AEFEB526AD34}.Debug|Any CPU.ActiveCfg = Debug|Any CPU
		{7F9D7B15-4431-464A-90AC-AEFEB526AD34}.Debug|Any CPU.Build.0 = Debug|Any CPU
		{7F9D7B15-4431-464A-90AC-AEFEB526AD34}.Release|Any CPU.ActiveCfg = Release|Any CPU
		{7F9D7B15-4431-464A-90AC-AEFEB526AD34}.Release|Any CPU.Build.0 = Release|Any CPU
		{B8C372F4-79B2-4B49-92AC-475E41974AF6}.Debug|Any CPU.ActiveCfg = Debug|Any CPU
		{B8C372F4-79B2-4B49-92AC-475E41974AF6}.Debug|Any CPU.Build.0 = Debug|Any CPU
		{B8C372F4-79B2-4B49-92AC-475E41974AF6}.Release|Any CPU.ActiveCfg = Release|Any CPU
		{B8C372F4-79B2-4B49-92AC-475E41974AF6}.Release|Any CPU.Build.0 = Release|Any CPU
		{04A27942-B34B-43CC-B23A-7606A6D13FE3}.Debug|Any CPU.ActiveCfg = Debug|Any CPU
		{04A27942-B34B-43CC-B23A-7606A6D13FE3}.Debug|Any CPU.Build.0 = Debug|Any CPU
		{04A27942-B34B-43CC-B23A-7606A6D13FE3}.Release|Any CPU.ActiveCfg = Release|Any CPU
		{04A27942-B34B-43CC-B23A-7606A6D13FE3}.Release|Any CPU.Build.0 = Release|Any CPU
		{A89A3BD9-B7D5-4DA6-B921-6C3C91D53CC6}.Debug|Any CPU.ActiveCfg = Debug|Any CPU
		{A89A3BD9-B7D5-4DA6-B921-6C3C91D53CC6}.Debug|Any CPU.Build.0 = Debug|Any CPU
		{A89A3BD9-B7D5-4DA6-B921-6C3C91D53CC6}.Release|Any CPU.ActiveCfg = Release|Any CPU
		{A89A3BD9-B7D5-4DA6-B921-6C3C91D53CC6}.Release|Any CPU.Build.0 = Release|Any CPU
		{802510D5-F923-4D0A-BC01-CB7C921825AF}.Debug|Any CPU.ActiveCfg = Debug|Any CPU
		{802510D5-F923-4D0A-BC01-CB7C921825AF}.Debug|Any CPU.Build.0 = Debug|Any CPU
		{802510D5-F923-4D0A-BC01-CB7C921825AF}.Release|Any CPU.ActiveCfg = Release|Any CPU
		{802510D5-F923-4D0A-BC01-CB7C921825AF}.Release|Any CPU.Build.0 = Release|Any CPU
		{95A2D531-1D1A-4510-AEA2-E00B73836538}.Debug|Any CPU.ActiveCfg = Debug|Any CPU
		{95A2D531-1D1A-4510-AEA2-E00B73836538}.Debug|Any CPU.Build.0 = Debug|Any CPU
		{95A2D531-1D1A-4510-AEA2-E00B73836538}.Release|Any CPU.ActiveCfg = Release|Any CPU
		{95A2D531-1D1A-4510-AEA2-E00B73836538}.Release|Any CPU.Build.0 = Release|Any CPU
		{AEF5AC29-264D-4A9C-9453-F44DDDECAF42}.Debug|Any CPU.ActiveCfg = Debug|Any CPU
		{AEF5AC29-264D-4A9C-9453-F44DDDECAF42}.Debug|Any CPU.Build.0 = Debug|Any CPU
		{AEF5AC29-264D-4A9C-9453-F44DDDECAF42}.Release|Any CPU.ActiveCfg = Release|Any CPU
		{AEF5AC29-264D-4A9C-9453-F44DDDECAF42}.Release|Any CPU.Build.0 = Release|Any CPU
		{21228642-9229-4D00-8760-A48EF4F1DDBD}.Debug|Any CPU.ActiveCfg = Debug|Any CPU
		{21228642-9229-4D00-8760-A48EF4F1DDBD}.Debug|Any CPU.Build.0 = Debug|Any CPU
		{21228642-9229-4D00-8760-A48EF4F1DDBD}.Release|Any CPU.ActiveCfg = Release|Any CPU
		{21228642-9229-4D00-8760-A48EF4F1DDBD}.Release|Any CPU.Build.0 = Release|Any CPU
	EndGlobalSection
	GlobalSection(SolutionProperties) = preSolution
		HideSolutionNode = FALSE
	EndGlobalSection
	GlobalSection(NestedProjects) = preSolution
		{42536116-C11E-434E-A9BE-BC67F6429B9F} = {C1A70540-C1D0-472B-BDAF-3EFF51FDF3FF}
		{63BBF9A1-2A8D-4621-A361-83AD18E22EBA} = {C1A70540-C1D0-472B-BDAF-3EFF51FDF3FF}
		{34F20085-9AEB-4606-8769-BB30BD2C41E0} = {5B000294-0DE8-43CE-84C1-9CEDFCBEC91E}
		{BF71D0EA-1C93-4F0D-9D87-B7BB4C65C9D0} = {5B000294-0DE8-43CE-84C1-9CEDFCBEC91E}
		{63C28BD6-4906-4CD3-BA45-15597F56BC66} = {5B000294-0DE8-43CE-84C1-9CEDFCBEC91E}
		{80558D10-06A3-4FE6-AA7E-E2BDBAB58C73} = {43F259A4-7ACB-4833-9CCC-EF827610B218}
		{77AB10F1-0616-489F-8859-217535985548} = {43F259A4-7ACB-4833-9CCC-EF827610B218}
		{D9E9E457-41FA-4087-A561-CBD7B5CC65C2} = {43F259A4-7ACB-4833-9CCC-EF827610B218}
		{A2E52A39-7892-460A-83C4-30E022728B6A} = {5B000294-0DE8-43CE-84C1-9CEDFCBEC91E}
		{037A31B5-0761-47C3-BB49-C26DDC440143} = {43F259A4-7ACB-4833-9CCC-EF827610B218}
		{65326ECB-F14F-476C-B2CE-306229178BC5} = {5B000294-0DE8-43CE-84C1-9CEDFCBEC91E}
		{2F13CAAF-5B99-427C-8F98-3200AB858F4A} = {43F259A4-7ACB-4833-9CCC-EF827610B218}
		{7F9D7B15-4431-464A-90AC-AEFEB526AD34} = {43F259A4-7ACB-4833-9CCC-EF827610B218}
		{B8C372F4-79B2-4B49-92AC-475E41974AF6} = {C1A70540-C1D0-472B-BDAF-3EFF51FDF3FF}
		{04A27942-B34B-43CC-B23A-7606A6D13FE3} = {5B000294-0DE8-43CE-84C1-9CEDFCBEC91E}
		{A89A3BD9-B7D5-4DA6-B921-6C3C91D53CC6} = {F1FBDDAC-0DEE-4175-A883-967CF627F33C}
		{802510D5-F923-4D0A-BC01-CB7C921825AF} = {F1FBDDAC-0DEE-4175-A883-967CF627F33C}
		{95A2D531-1D1A-4510-AEA2-E00B73836538} = {5B000294-0DE8-43CE-84C1-9CEDFCBEC91E}
		{AEF5AC29-264D-4A9C-9453-F44DDDECAF42} = {F1FBDDAC-0DEE-4175-A883-967CF627F33C}
		{21228642-9229-4D00-8760-A48EF4F1DDBD} = {F1FBDDAC-0DEE-4175-A883-967CF627F33C}
	EndGlobalSection
	GlobalSection(ExtensibilityGlobals) = postSolution
		SolutionGuid = {C04D48EA-152D-4D14-B109-AB8298E46165}
	EndGlobalSection
EndGlobal
